Microsoft Visual Studio Solution File, Format Version 11.00
# Visual Studio 2008

Project("{C97350DF-97FE-DEA2-D9D9-EF72D4E14D0D}") = "GGO2016", "Assembly-CSharp.csproj", "{5EFFCA1B-B29C-6DDF-E6D8-23017730A22D}"
EndProject
Global
	GlobalSection(SolutionConfigurationPlatforms) = preSolution
		Debug|Any CPU = Debug|Any CPU
		Release|Any CPU = Release|Any CPU
	EndGlobalSection
	GlobalSection(ProjectConfigurationPlatforms) = postSolution
		{5EFFCA1B-B29C-6DDF-E6D8-23017730A22D}.Debug|Any CPU.ActiveCfg = Debug|Any CPU
		{5EFFCA1B-B29C-6DDF-E6D8-23017730A22D}.Debug|Any CPU.Build.0 = Debug|Any CPU
		{5EFFCA1B-B29C-6DDF-E6D8-23017730A22D}.Release|Any CPU.ActiveCfg = Release|Any CPU
		{5EFFCA1B-B29C-6DDF-E6D8-23017730A22D}.Release|Any CPU.Build.0 = Release|Any CPU
	EndGlobalSection
	GlobalSection(SolutionProperties) = preSolution
		HideSolutionNode = FALSE
	EndGlobalSection
	GlobalSection(MonoDevelopProperties) = preSolution
		StartupItem = Assembly-CSharp.csproj
	EndGlobalSection
EndGlobal
